
Microsoft Visual Studio Solution File, Format Version 12.00
# Visual Studio Version 16
VisualStudioVersion = 16.0.31911.196
MinimumVisualStudioVersion = 10.0.40219.1
Project("{8BC9CEB8-8B4A-11D0-8D11-00A0C91BC942}") = "ConsoleApplicationgrad", "ConsoleApplicationgrad.vcxproj", "{06FD57AE-05CC-497D-90D3-F219A09BE319}"
EndProject
Global
	GlobalSection(SolutionConfigurationPlatforms) = preSolution
		Debug|x64 = Debug|x64
		Debug|x86 = Debug|x86
		Release|x64 = Release|x64
		Release|x86 = Release|x86
	EndGlobalSection
	GlobalSection(ProjectConfigurationPlatforms) = postSolution
		{06FD57AE-05CC-497D-90D3-F219A09BE319}.Debug|x64.ActiveCfg = Debug|x64
		{06FD57AE-05CC-497D-90D3-F219A09BE319}.Debug|x64.Build.0 = Debug|x64
		{06FD57AE-05CC-497D-90D3-F219A09BE319}.Debug|x86.ActiveCfg = Debug|Win32
		{06FD57AE-05CC-497D-90D3-F219A09BE319}.Debug|x86.Build.0 = Debug|Win32
		{06FD57AE-05CC-497D-90D3-F219A09BE319}.Release|x64.ActiveCfg = Release|x64
		{06FD57AE-05CC-497D-90D3-F219A09BE319}.Release|x64.Build.0 = Release|x64
		{06FD57AE-05CC-497D-90D3-F219A09BE319}.Release|x86.ActiveCfg = Release|Win32
		{06FD57AE-05CC-497D-90D3-F219A09BE319}.Release|x86.Build.0 = Release|Win32
	EndGlobalSection
	GlobalSection(SolutionProperties) = preSolution
		HideSolutionNode = FALSE
	EndGlobalSection
	GlobalSection(ExtensibilityGlobals) = postSolution
		SolutionGuid = {B467B41D-0C6A-4C89-85C2-7EDCCE5A1DBC}
	EndGlobalSection
EndGlobal
